
Microsoft Visual Studio Solution File, Format Version 12.00
# Visual Studio Express 2012 for Windows Desktop
Project("{FAE04EC0-301F-11D3-BF4B-00C04F79EFBC}") = "Cubeland.Telnet", "Cubeland.Telnet.csproj", "{84929537-2977-4281-AADE-E6D55C1E3D0E}"
EndProject
Project("{FAE04EC0-301F-11D3-BF4B-00C04F79EFBC}") = "TelnetTest", "..\TelnetTest\TelnetTest.csproj", "{C2E8D45B-3941-4819-962F-3B81B2C47983}"
EndProject
Global
	GlobalSection(SolutionConfigurationPlatforms) = preSolution
		Debug|Any CPU = Debug|Any CPU
		Release|Any CPU = Release|Any CPU
	EndGlobalSection
	GlobalSection(ProjectConfigurationPlatforms) = postSolution
		{84929537-2977-4281-AADE-E6D55C1E3D0E}.Debug|Any CPU.ActiveCfg = Debug|Any CPU
		{84929537-2977-4281-AADE-E6D55C1E3D0E}.Debug|Any CPU.Build.0 = Debug|Any CPU
		{84929537-2977-4281-AADE-E6D55C1E3D0E}.Release|Any CPU.ActiveCfg = Release|Any CPU
		{84929537-2977-4281-AADE-E6D55C1E3D0E}.Release|Any CPU.Build.0 = Release|Any CPU
		{C2E8D45B-3941-4819-962F-3B81B2C47983}.Debug|Any CPU.ActiveCfg = Debug|Any CPU
		{C2E8D45B-3941-4819-962F-3B81B2C47983}.Debug|Any CPU.Build.0 = Debug|Any CPU
		{C2E8D45B-3941-4819-962F-3B81B2C47983}.Release|Any CPU.ActiveCfg = Release|Any CPU
		{C2E8D45B-3941-4819-962F-3B81B2C47983}.Release|Any CPU.Build.0 = Release|Any CPU
	EndGlobalSection
	GlobalSection(SolutionProperties) = preSolution
		HideSolutionNode = FALSE
	EndGlobalSection
EndGlobal
